
Microsoft Visual Studio Solution File, Format Version 11.00
# Visual Studio 2010
Project("{FAE04EC0-301F-11D3-BF4B-00C04F79EFBC}") = "Microsoft.MixedReality.Toolkit.SDK", "Microsoft.MixedReality.Toolkit.SDK.csproj", "{E9D263D8-C6EF-8CBB-5668-9E198482A9D9}"
EndProject
Project("{FAE04EC0-301F-11D3-BF4B-00C04F79EFBC}") = "Microsoft.MixedReality.Toolkit.Providers.OpenVR", "Microsoft.MixedReality.Toolkit.Providers.OpenVR.csproj", "{32CE4835-C441-B184-F997-FF722833955A}"
EndProject
Project("{FAE04EC0-301F-11D3-BF4B-00C04F79EFBC}") = "Microsoft.MixedReality.Toolkit", "Microsoft.MixedReality.Toolkit.csproj", "{DC32EAE1-E792-9640-4F84-D64971A0A99A}"
EndProject
Project("{FAE04EC0-301F-11D3-BF4B-00C04F79EFBC}") = "Microsoft.MixedReality.Toolkit.Providers.WindowsSceneUnderstanding", "Microsoft.MixedReality.Toolkit.Providers.WindowsSceneUnderstanding.csproj", "{1DA875D3-E8E9-D360-A0F5-6644894BA4B8}"
EndProject
Project("{FAE04EC0-301F-11D3-BF4B-00C04F79EFBC}") = "Microsoft.MixedReality.Toolkit.Services.SpatialAwarenessSystem", "Microsoft.MixedReality.Toolkit.Services.SpatialAwarenessSystem.csproj", "{E2CA3E52-419E-156D-E012-61948832D82E}"
EndProject
Project("{FAE04EC0-301F-11D3-BF4B-00C04F79EFBC}") = "Microsoft.MixedReality.Toolkit.Providers.XRSDK", "Microsoft.MixedReality.Toolkit.Providers.XRSDK.csproj", "{6006E7E9-62CA-6F0F-74BB-42D29167380B}"
EndProject
Project("{FAE04EC0-301F-11D3-BF4B-00C04F79EFBC}") = "Microsoft.MixedReality.Toolkit.Services.InputAnimation", "Microsoft.MixedReality.Toolkit.Services.InputAnimation.csproj", "{6C184149-A761-7CC2-3B79-264BA35EC842}"
EndProject
Project("{FAE04EC0-301F-11D3-BF4B-00C04F79EFBC}") = "Microsoft.MixedReality.Toolkit.Gltf", "Microsoft.MixedReality.Toolkit.Gltf.csproj", "{6B0B8759-0035-1FBE-E63C-BC29EF72992E}"
EndProject
Project("{FAE04EC0-301F-11D3-BF4B-00C04F79EFBC}") = "Microsoft.MixedReality.Toolkit.Providers.XRSDK.Oculus", "Microsoft.MixedReality.Toolkit.Providers.XRSDK.Oculus.csproj", "{48E688EE-0671-4342-4FBD-1643E7709B01}"
EndProject
Project("{FAE04EC0-301F-11D3-BF4B-00C04F79EFBC}") = "Microsoft.MixedReality.Toolkit.Services.SceneSystem", "Microsoft.MixedReality.Toolkit.Services.SceneSystem.csproj", "{0FA4D269-71D3-2A54-4C96-B6ED66300F89}"
EndProject
Project("{FAE04EC0-301F-11D3-BF4B-00C04F79EFBC}") = "Microsoft.MixedReality.Toolkit.Services.InputSystem", "Microsoft.MixedReality.Toolkit.Services.InputSystem.csproj", "{5F42E70E-C858-00B1-E10B-04314E7924C3}"
EndProject
Project("{FAE04EC0-301F-11D3-BF4B-00C04F79EFBC}") = "Microsoft.MixedReality.Toolkit.Providers.LeapMotion", "Microsoft.MixedReality.Toolkit.Providers.LeapMotion.csproj", "{9B252153-7875-03C2-5633-F7D111B6D4ED}"
EndProject
Project("{FAE04EC0-301F-11D3-BF4B-00C04F79EFBC}") = "Microsoft.MixedReality.Toolkit.Services.InputSimulation", "Microsoft.MixedReality.Toolkit.Services.InputSimulation.csproj", "{786E5470-369D-798F-CE9B-8DE8AA832D09}"
EndProject
Project("{FAE04EC0-301F-11D3-BF4B-00C04F79EFBC}") = "Microsoft.MixedReality.Toolkit.Providers.XRSDK.WindowsMixedReality", "Microsoft.MixedReality.Toolkit.Providers.XRSDK.WindowsMixedReality.csproj", "{080BCF6C-8DD3-531D-CD4B-BAF6D5581778}"
EndProject
Project("{FAE04EC0-301F-11D3-BF4B-00C04F79EFBC}") = "Microsoft.MixedReality.Toolkit.Providers.WindowsVoiceInput", "Microsoft.MixedReality.Toolkit.Providers.WindowsVoiceInput.csproj", "{CA945208-41EF-57E2-A9FA-7515101D9CEC}"
EndProject
Project("{FAE04EC0-301F-11D3-BF4B-00C04F79EFBC}") = "Microsoft.MixedReality.Toolkit.Providers.WindowsMixedReality.Shared", "Microsoft.MixedReality.Toolkit.Providers.WindowsMixedReality.Shared.csproj", "{C957DE3B-2583-170B-62A0-4276A359FABC}"
EndProject
Project("{FAE04EC0-301F-11D3-BF4B-00C04F79EFBC}") = "Microsoft.MixedReality.Toolkit.SDK.Experimental.Interactive", "Microsoft.MixedReality.Toolkit.SDK.Experimental.Interactive.csproj", "{07EE26D3-9237-B465-90C4-9D6A9EB1F829}"
EndProject
Project("{FAE04EC0-301F-11D3-BF4B-00C04F79EFBC}") = "Microsoft.MixedReality.Toolkit.Providers.UnityAR", "Microsoft.MixedReality.Toolkit.Providers.UnityAR.csproj", "{E50AFA88-CF8E-0E86-B873-050A3A18A1CF}"
EndProject
Project("{FAE04EC0-301F-11D3-BF4B-00C04F79EFBC}") = "Microsoft.MixedReality.Toolkit.Services.DiagnosticsSystem", "Microsoft.MixedReality.Toolkit.Services.DiagnosticsSystem.csproj", "{8610D95A-08C6-EE28-97B1-4907616ABA82}"
EndProject
Project("{FAE04EC0-301F-11D3-BF4B-00C04F79EFBC}") = "Microsoft.MixedReality.Toolkit.Async", "Microsoft.MixedReality.Toolkit.Async.csproj", "{99371B34-4E8E-74E7-EE5C-7858F4B6C6E6}"
EndProject
Project("{FAE04EC0-301F-11D3-BF4B-00C04F79EFBC}") = "Microsoft.MixedReality.Toolkit.Providers.WindowsMixedReality", "Microsoft.MixedReality.Toolkit.Providers.WindowsMixedReality.csproj", "{A37C4B31-BB64-6653-79DA-6D352632C5F0}"
EndProject
Project("{FAE04EC0-301F-11D3-BF4B-00C04F79EFBC}") = "Assembly-CSharp", "Assembly-CSharp.csproj", "{54BB6FCA-BAE7-A396-06EF-27E2E6F07589}"
EndProject
Project("{FAE04EC0-301F-11D3-BF4B-00C04F79EFBC}") = "Microsoft.MixedReality.Toolkit.Services.TeleportSystem", "Microsoft.MixedReality.Toolkit.Services.TeleportSystem.csproj", "{1ABFF87D-1FFE-8FD7-9586-B8755EBB9AA0}"
EndProject
Project("{FAE04EC0-301F-11D3-BF4B-00C04F79EFBC}") = "Microsoft.MixedReality.Toolkit.Services.BoundarySystem", "Microsoft.MixedReality.Toolkit.Services.BoundarySystem.csproj", "{831FF0F0-A63E-2988-58DC-EB58042BF1E7}"
EndProject
Project("{FAE04EC0-301F-11D3-BF4B-00C04F79EFBC}") = "Microsoft.MixedReality.Toolkit.Services.CameraSystem", "Microsoft.MixedReality.Toolkit.Services.CameraSystem.csproj", "{F7225002-07E7-7C99-5130-1BAE7AF60649}"
EndProject
Project("{FAE04EC0-301F-11D3-BF4B-00C04F79EFBC}") = "Microsoft.MixedReality.Toolkit.SDK.Editor", "Microsoft.MixedReality.Toolkit.SDK.Editor.csproj", "{CABF9600-8C54-1123-E6D4-A26A085320F2}"
EndProject
Project("{FAE04EC0-301F-11D3-BF4B-00C04F79EFBC}") = "Microsoft.MixedReality.Toolkit.Editor.Inspectors", "Microsoft.MixedReality.Toolkit.Editor.Inspectors.csproj", "{3587BFC9-CA15-08CB-F9D2-F28C002ABA77}"
EndProject
Project("{FAE04EC0-301F-11D3-BF4B-00C04F79EFBC}") = "Microsoft.MixedReality.Toolkit.Editor.ServiceInspectors", "Microsoft.MixedReality.Toolkit.Editor.ServiceInspectors.csproj", "{0E2B5325-B478-A536-2BE4-3D92A4CDEC4E}"
EndProject
Project("{FAE04EC0-301F-11D3-BF4B-00C04F79EFBC}") = "Microsoft.MixedReality.Toolkit.SDK.Experimental.Editor.Interactive", "Microsoft.MixedReality.Toolkit.SDK.Experimental.Editor.Interactive.csproj", "{1C797F15-7E81-90FC-0FC6-6CA7C1000175}"
EndProject
Project("{FAE04EC0-301F-11D3-BF4B-00C04F79EFBC}") = "Microsoft.MixedReality.Toolkit.Editor.Utilities", "Microsoft.MixedReality.Toolkit.Editor.Utilities.csproj", "{5B38C4F6-65EF-5231-2672-DD6678BDD247}"
EndProject
Project("{FAE04EC0-301F-11D3-BF4B-00C04F79EFBC}") = "Microsoft.MixedReality.Toolkit.Providers.ObjectMeshObserver", "Microsoft.MixedReality.Toolkit.Providers.ObjectMeshObserver.csproj", "{096DCCE5-0643-20FC-42FD-19ACE879F5F6}"
EndProject
Project("{FAE04EC0-301F-11D3-BF4B-00C04F79EFBC}") = "Microsoft.MixedReality.Toolkit.Editor.ClassExtensions", "Microsoft.MixedReality.Toolkit.Editor.ClassExtensions.csproj", "{8BBD4C21-2EF6-F915-D505-A523C4ED7726}"
EndProject
Project("{FAE04EC0-301F-11D3-BF4B-00C04F79EFBC}") = "Microsoft.MixedReality.Toolkit.Gltf.Importers", "Microsoft.MixedReality.Toolkit.Gltf.Importers.csproj", "{ABD5447C-6092-7244-44CE-F53FA8A05C39}"
EndProject
Project("{FAE04EC0-301F-11D3-BF4B-00C04F79EFBC}") = "Microsoft.MixedReality.Toolkit.StandardAssets.Editor", "Microsoft.MixedReality.Toolkit.StandardAssets.Editor.csproj", "{48E3C45D-698E-33CA-F729-973794D80F51}"
EndProject
Project("{FAE04EC0-301F-11D3-BF4B-00C04F79EFBC}") = "Microsoft.MixedReality.Toolkit.Providers.XRSDK.Oculus.Handtracking.Editor", "Microsoft.MixedReality.Toolkit.Providers.XRSDK.Oculus.Handtracking.Editor.csproj", "{3D64EBBA-DDC8-9A98-A775-8AE698CE5697}"
EndProject
Project("{FAE04EC0-301F-11D3-BF4B-00C04F79EFBC}") = "Microsoft.MixedReality.Toolkit.Editor.BuildAndDeploy", "Microsoft.MixedReality.Toolkit.Editor.BuildAndDeploy.csproj", "{3947B469-CA5E-AA7F-D435-5D3E3E395BD8}"
EndProject
Project("{FAE04EC0-301F-11D3-BF4B-00C04F79EFBC}") = "Microsoft.MixedReality.Toolkit.Services.InputSimulation.Editor", "Microsoft.MixedReality.Toolkit.Services.InputSimulation.Editor.csproj", "{229AEDFE-F052-3939-3144-2D4C8958328E}"
EndProject
Project("{FAE04EC0-301F-11D3-BF4B-00C04F79EFBC}") = "Microsoft.MixedReality.Toolkit.Providers.LeapMotion.Editor", "Microsoft.MixedReality.Toolkit.Providers.LeapMotion.Editor.csproj", "{7EE01E85-0C58-19F0-71C0-530251D7FE16}"
EndProject
Project("{FAE04EC0-301F-11D3-BF4B-00C04F79EFBC}") = "Microsoft.MixedReality.Toolkit.Providers.UnityAR.Editor", "Microsoft.MixedReality.Toolkit.Providers.UnityAR.Editor.csproj", "{CF031685-3E9F-4001-17F2-9CB7C1C4607D}"
EndProject
Project("{FAE04EC0-301F-11D3-BF4B-00C04F79EFBC}") = "Microsoft.MixedReality.Toolkit.Services.InputSystem.Editor", "Microsoft.MixedReality.Toolkit.Services.InputSystem.Editor.csproj", "{4757DEF2-2B98-F927-5025-80714168F51D}"
EndProject
Project("{FAE04EC0-301F-11D3-BF4B-00C04F79EFBC}") = "Microsoft.MixedReality.Toolkit.Providers.WindowsSceneUnderstanding.Editor", "Microsoft.MixedReality.Toolkit.Providers.WindowsSceneUnderstanding.Editor.csproj", "{0C6789B1-7756-2D90-580E-149FA7637894}"
EndProject
Project("{FAE04EC0-301F-11D3-BF4B-00C04F79EFBC}") = "Microsoft.MixedReality.Toolkit.SDK.Experimental.Editor", "Microsoft.MixedReality.Toolkit.SDK.Experimental.Editor.csproj", "{C754602F-195A-ADB2-900B-FDC5974EDE2D}"
EndProject
Project("{FAE04EC0-301F-11D3-BF4B-00C04F79EFBC}") = "Microsoft.MixedReality.Toolkit.Providers.WindowsMixedReality.Editor", "Microsoft.MixedReality.Toolkit.Providers.WindowsMixedReality.Editor.csproj", "{4ED60C2E-EC14-F477-1C95-5B079C65A9B1}"
EndProject
Global
	GlobalSection(SolutionConfigurationPlatforms) = preSolution
		Debug|Any CPU = Debug|Any CPU
		Release|Any CPU = Release|Any CPU
	EndGlobalSection
	GlobalSection(ProjectConfigurationPlatforms) = postSolution
		{E9D263D8-C6EF-8CBB-5668-9E198482A9D9}.Debug|Any CPU.ActiveCfg = Debug|Any CPU
		{E9D263D8-C6EF-8CBB-5668-9E198482A9D9}.Debug|Any CPU.Build.0 = Debug|Any CPU
		{E9D263D8-C6EF-8CBB-5668-9E198482A9D9}.Release|Any CPU.ActiveCfg = Release|Any CPU
		{E9D263D8-C6EF-8CBB-5668-9E198482A9D9}.Release|Any CPU.Build.0 = Release|Any CPU
		{32CE4835-C441-B184-F997-FF722833955A}.Debug|Any CPU.ActiveCfg = Debug|Any CPU
		{32CE4835-C441-B184-F997-FF722833955A}.Debug|Any CPU.Build.0 = Debug|Any CPU
		{32CE4835-C441-B184-F997-FF722833955A}.Release|Any CPU.ActiveCfg = Release|Any CPU
		{32CE4835-C441-B184-F997-FF722833955A}.Release|Any CPU.Build.0 = Release|Any CPU
		{DC32EAE1-E792-9640-4F84-D64971A0A99A}.Debug|Any CPU.ActiveCfg = Debug|Any CPU
		{DC32EAE1-E792-9640-4F84-D64971A0A99A}.Debug|Any CPU.Build.0 = Debug|Any CPU
		{DC32EAE1-E792-9640-4F84-D64971A0A99A}.Release|Any CPU.ActiveCfg = Release|Any CPU
		{DC32EAE1-E792-9640-4F84-D64971A0A99A}.Release|Any CPU.Build.0 = Release|Any CPU
		{1DA875D3-E8E9-D360-A0F5-6644894BA4B8}.Debug|Any CPU.ActiveCfg = Debug|Any CPU
		{1DA875D3-E8E9-D360-A0F5-6644894BA4B8}.Debug|Any CPU.Build.0 = Debug|Any CPU
		{1DA875D3-E8E9-D360-A0F5-6644894BA4B8}.Release|Any CPU.ActiveCfg = Release|Any CPU
		{1DA875D3-E8E9-D360-A0F5-6644894BA4B8}.Release|Any CPU.Build.0 = Release|Any CPU
		{E2CA3E52-419E-156D-E012-61948832D82E}.Debug|Any CPU.ActiveCfg = Debug|Any CPU
		{E2CA3E52-419E-156D-E012-61948832D82E}.Debug|Any CPU.Build.0 = Debug|Any CPU
		{E2CA3E52-419E-156D-E012-61948832D82E}.Release|Any CPU.ActiveCfg = Release|Any CPU
		{E2CA3E52-419E-156D-E012-61948832D82E}.Release|Any CPU.Build.0 = Release|Any CPU
		{6006E7E9-62CA-6F0F-74BB-42D29167380B}.Debug|Any CPU.ActiveCfg = Debug|Any CPU
		{6006E7E9-62CA-6F0F-74BB-42D29167380B}.Debug|Any CPU.Build.0 = Debug|Any CPU
		{6006E7E9-62CA-6F0F-74BB-42D29167380B}.Release|Any CPU.ActiveCfg = Release|Any CPU
		{6006E7E9-62CA-6F0F-74BB-42D29167380B}.Release|Any CPU.Build.0 = Release|Any CPU
		{6C184149-A761-7CC2-3B79-264BA35EC842}.Debug|Any CPU.ActiveCfg = Debug|Any CPU
		{6C184149-A761-7CC2-3B79-264BA35EC842}.Debug|Any CPU.Build.0 = Debug|Any CPU
		{6C184149-A761-7CC2-3B79-264BA35EC842}.Release|Any CPU.ActiveCfg = Release|Any CPU
		{6C184149-A761-7CC2-3B79-264BA35EC842}.Release|Any CPU.Build.0 = Release|Any CPU
		{6B0B8759-0035-1FBE-E63C-BC29EF72992E}.Debug|Any CPU.ActiveCfg = Debug|Any CPU
		{6B0B8759-0035-1FBE-E63C-BC29EF72992E}.Debug|Any CPU.Build.0 = Debug|Any CPU
		{6B0B8759-0035-1FBE-E63C-BC29EF72992E}.Release|Any CPU.ActiveCfg = Release|Any CPU
		{6B0B8759-0035-1FBE-E63C-BC29EF72992E}.Release|Any CPU.Build.0 = Release|Any CPU
		{48E688EE-0671-4342-4FBD-1643E7709B01}.Debug|Any CPU.ActiveCfg = Debug|Any CPU
		{48E688EE-0671-4342-4FBD-1643E7709B01}.Debug|Any CPU.Build.0 = Debug|Any CPU
		{48E688EE-0671-4342-4FBD-1643E7709B01}.Release|Any CPU.ActiveCfg = Release|Any CPU
		{48E688EE-0671-4342-4FBD-1643E7709B01}.Release|Any CPU.Build.0 = Release|Any CPU
		{0FA4D269-71D3-2A54-4C96-B6ED66300F89}.Debug|Any CPU.ActiveCfg = Debug|Any CPU
		{0FA4D269-71D3-2A54-4C96-B6ED66300F89}.Debug|Any CPU.Build.0 = Debug|Any CPU
		{0FA4D269-71D3-2A54-4C96-B6ED66300F89}.Release|Any CPU.ActiveCfg = Release|Any CPU
		{0FA4D269-71D3-2A54-4C96-B6ED66300F89}.Release|Any CPU.Build.0 = Release|Any CPU
		{5F42E70E-C858-00B1-E10B-04314E7924C3}.Debug|Any CPU.ActiveCfg = Debug|Any CPU
		{5F42E70E-C858-00B1-E10B-04314E7924C3}.Debug|Any CPU.Build.0 = Debug|Any CPU
		{5F42E70E-C858-00B1-E10B-04314E7924C3}.Release|Any CPU.ActiveCfg = Release|Any CPU
		{5F42E70E-C858-00B1-E10B-04314E7924C3}.Release|Any CPU.Build.0 = Release|Any CPU
		{9B252153-7875-03C2-5633-F7D111B6D4ED}.Debug|Any CPU.ActiveCfg = Debug|Any CPU
		{9B252153-7875-03C2-5633-F7D111B6D4ED}.Debug|Any CPU.Build.0 = Debug|Any CPU
		{9B252153-7875-03C2-5633-F7D111B6D4ED}.Release|Any CPU.ActiveCfg = Release|Any CPU
		{9B252153-7875-03C2-5633-F7D111B6D4ED}.Release|Any CPU.Build.0 = Release|Any CPU
		{786E5470-369D-798F-CE9B-8DE8AA832D09}.Debug|Any CPU.ActiveCfg = Debug|Any CPU
		{786E5470-369D-798F-CE9B-8DE8AA832D09}.Debug|Any CPU.Build.0 = Debug|Any CPU
		{786E5470-369D-798F-CE9B-8DE8AA832D09}.Release|Any CPU.ActiveCfg = Release|Any CPU
		{786E5470-369D-798F-CE9B-8DE8AA832D09}.Release|Any CPU.Build.0 = Release|Any CPU
		{080BCF6C-8DD3-531D-CD4B-BAF6D5581778}.Debug|Any CPU.ActiveCfg = Debug|Any CPU
		{080BCF6C-8DD3-531D-CD4B-BAF6D5581778}.Debug|Any CPU.Build.0 = Debug|Any CPU
		{080BCF6C-8DD3-531D-CD4B-BAF6D5581778}.Release|Any CPU.ActiveCfg = Release|Any CPU
		{080BCF6C-8DD3-531D-CD4B-BAF6D5581778}.Release|Any CPU.Build.0 = Release|Any CPU
		{CA945208-41EF-57E2-A9FA-7515101D9CEC}.Debug|Any CPU.ActiveCfg = Debug|Any CPU
		{CA945208-41EF-57E2-A9FA-7515101D9CEC}.Debug|Any CPU.Build.0 = Debug|Any CPU
		{CA945208-41EF-57E2-A9FA-7515101D9CEC}.Release|Any CPU.ActiveCfg = Release|Any CPU
		{CA945208-41EF-57E2-A9FA-7515101D9CEC}.Release|Any CPU.Build.0 = Release|Any CPU
		{C957DE3B-2583-170B-62A0-4276A359FABC}.Debug|Any CPU.ActiveCfg = Debug|Any CPU
		{C957DE3B-2583-170B-62A0-4276A359FABC}.Debug|Any CPU.Build.0 = Debug|Any CPU
		{C957DE3B-2583-170B-62A0-4276A359FABC}.Release|Any CPU.ActiveCfg = Release|Any CPU
		{C957DE3B-2583-170B-62A0-4276A359FABC}.Release|Any CPU.Build.0 = Release|Any CPU
		{07EE26D3-9237-B465-90C4-9D6A9EB1F829}.Debug|Any CPU.ActiveCfg = Debug|Any CPU
		{07EE26D3-9237-B465-90C4-9D6A9EB1F829}.Debug|Any CPU.Build.0 = Debug|Any CPU
		{07EE26D3-9237-B465-90C4-9D6A9EB1F829}.Release|Any CPU.ActiveCfg = Release|Any CPU
		{07EE26D3-9237-B465-90C4-9D6A9EB1F829}.Release|Any CPU.Build.0 = Release|Any CPU
		{E50AFA88-CF8E-0E86-B873-050A3A18A1CF}.Debug|Any CPU.ActiveCfg = Debug|Any CPU
		{E50AFA88-CF8E-0E86-B873-050A3A18A1CF}.Debug|Any CPU.Build.0 = Debug|Any CPU
		{E50AFA88-CF8E-0E86-B873-050A3A18A1CF}.Release|Any CPU.ActiveCfg = Release|Any CPU
		{E50AFA88-CF8E-0E86-B873-050A3A18A1CF}.Release|Any CPU.Build.0 = Release|Any CPU
		{8610D95A-08C6-EE28-97B1-4907616ABA82}.Debug|Any CPU.ActiveCfg = Debug|Any CPU
		{8610D95A-08C6-EE28-97B1-4907616ABA82}.Debug|Any CPU.Build.0 = Debug|Any CPU
		{8610D95A-08C6-EE28-97B1-4907616ABA82}.Release|Any CPU.ActiveCfg = Release|Any CPU
		{8610D95A-08C6-EE28-97B1-4907616ABA82}.Release|Any CPU.Build.0 = Release|Any CPU
		{99371B34-4E8E-74E7-EE5C-7858F4B6C6E6}.Debug|Any CPU.ActiveCfg = Debug|Any CPU
		{99371B34-4E8E-74E7-EE5C-7858F4B6C6E6}.Debug|Any CPU.Build.0 = Debug|Any CPU
		{99371B34-4E8E-74E7-EE5C-7858F4B6C6E6}.Release|Any CPU.ActiveCfg = Release|Any CPU
		{99371B34-4E8E-74E7-EE5C-7858F4B6C6E6}.Release|Any CPU.Build.0 = Release|Any CPU
		{A37C4B31-BB64-6653-79DA-6D352632C5F0}.Debug|Any CPU.ActiveCfg = Debug|Any CPU
		{A37C4B31-BB64-6653-79DA-6D352632C5F0}.Debug|Any CPU.Build.0 = Debug|Any CPU
		{A37C4B31-BB64-6653-79DA-6D352632C5F0}.Release|Any CPU.ActiveCfg = Release|Any CPU
		{A37C4B31-BB64-6653-79DA-6D352632C5F0}.Release|Any CPU.Build.0 = Release|Any CPU
		{54BB6FCA-BAE7-A396-06EF-27E2E6F07589}.Debug|Any CPU.ActiveCfg = Debug|Any CPU
		{54BB6FCA-BAE7-A396-06EF-27E2E6F07589}.Debug|Any CPU.Build.0 = Debug|Any CPU
		{54BB6FCA-BAE7-A396-06EF-27E2E6F07589}.Release|Any CPU.ActiveCfg = Release|Any CPU
		{54BB6FCA-BAE7-A396-06EF-27E2E6F07589}.Release|Any CPU.Build.0 = Release|Any CPU
		{1ABFF87D-1FFE-8FD7-9586-B8755EBB9AA0}.Debug|Any CPU.ActiveCfg = Debug|Any CPU
		{1ABFF87D-1FFE-8FD7-9586-B8755EBB9AA0}.Debug|Any CPU.Build.0 = Debug|Any CPU
		{1ABFF87D-1FFE-8FD7-9586-B8755EBB9AA0}.Release|Any CPU.ActiveCfg = Release|Any CPU
		{1ABFF87D-1FFE-8FD7-9586-B8755EBB9AA0}.Release|Any CPU.Build.0 = Release|Any CPU
		{831FF0F0-A63E-2988-58DC-EB58042BF1E7}.Debug|Any CPU.ActiveCfg = Debug|Any CPU
		{831FF0F0-A63E-2988-58DC-EB58042BF1E7}.Debug|Any CPU.Build.0 = Debug|Any CPU
		{831FF0F0-A63E-2988-58DC-EB58042BF1E7}.Release|Any CPU.ActiveCfg = Release|Any CPU
		{831FF0F0-A63E-2988-58DC-EB58042BF1E7}.Release|Any CPU.Build.0 = Release|Any CPU
		{F7225002-07E7-7C99-5130-1BAE7AF60649}.Debug|Any CPU.ActiveCfg = Debug|Any CPU
		{F7225002-07E7-7C99-5130-1BAE7AF60649}.Debug|Any CPU.Build.0 = Debug|Any CPU
		{F7225002-07E7-7C99-5130-1BAE7AF60649}.Release|Any CPU.ActiveCfg = Release|Any CPU
		{F7225002-07E7-7C99-5130-1BAE7AF60649}.Release|Any CPU.Build.0 = Release|Any CPU
		{CABF9600-8C54-1123-E6D4-A26A085320F2}.Debug|Any CPU.ActiveCfg = Debug|Any CPU
		{CABF9600-8C54-1123-E6D4-A26A085320F2}.Debug|Any CPU.Build.0 = Debug|Any CPU
		{CABF9600-8C54-1123-E6D4-A26A085320F2}.Release|Any CPU.ActiveCfg = Release|Any CPU
		{CABF9600-8C54-1123-E6D4-A26A085320F2}.Release|Any CPU.Build.0 = Release|Any CPU
		{3587BFC9-CA15-08CB-F9D2-F28C002ABA77}.Debug|Any CPU.ActiveCfg = Debug|Any CPU
		{3587BFC9-CA15-08CB-F9D2-F28C002ABA77}.Debug|Any CPU.Build.0 = Debug|Any CPU
		{3587BFC9-CA15-08CB-F9D2-F28C002ABA77}.Release|Any CPU.ActiveCfg = Release|Any CPU
		{3587BFC9-CA15-08CB-F9D2-F28C002ABA77}.Release|Any CPU.Build.0 = Release|Any CPU
		{0E2B5325-B478-A536-2BE4-3D92A4CDEC4E}.Debug|Any CPU.ActiveCfg = Debug|Any CPU
		{0E2B5325-B478-A536-2BE4-3D92A4CDEC4E}.Debug|Any CPU.Build.0 = Debug|Any CPU
		{0E2B5325-B478-A536-2BE4-3D92A4CDEC4E}.Release|Any CPU.ActiveCfg = Release|Any CPU
		{0E2B5325-B478-A536-2BE4-3D92A4CDEC4E}.Release|Any CPU.Build.0 = Release|Any CPU
		{1C797F15-7E81-90FC-0FC6-6CA7C1000175}.Debug|Any CPU.ActiveCfg = Debug|Any CPU
		{1C797F15-7E81-90FC-0FC6-6CA7C1000175}.Debug|Any CPU.Build.0 = Debug|Any CPU
		{1C797F15-7E81-90FC-0FC6-6CA7C1000175}.Release|Any CPU.ActiveCfg = Release|Any CPU
		{1C797F15-7E81-90FC-0FC6-6CA7C1000175}.Release|Any CPU.Build.0 = Release|Any CPU
		{5B38C4F6-65EF-5231-2672-DD6678BDD247}.Debug|Any CPU.ActiveCfg = Debug|Any CPU
		{5B38C4F6-65EF-5231-2672-DD6678BDD247}.Debug|Any CPU.Build.0 = Debug|Any CPU
		{5B38C4F6-65EF-5231-2672-DD6678BDD247}.Release|Any CPU.ActiveCfg = Release|Any CPU
		{5B38C4F6-65EF-5231-2672-DD6678BDD247}.Release|Any CPU.Build.0 = Release|Any CPU
		{096DCCE5-0643-20FC-42FD-19ACE879F5F6}.Debug|Any CPU.ActiveCfg = Debug|Any CPU
		{096DCCE5-0643-20FC-42FD-19ACE879F5F6}.Debug|Any CPU.Build.0 = Debug|Any CPU
		{096DCCE5-0643-20FC-42FD-19ACE879F5F6}.Release|Any CPU.ActiveCfg = Release|Any CPU
		{096DCCE5-0643-20FC-42FD-19ACE879F5F6}.Release|Any CPU.Build.0 = Release|Any CPU
		{8BBD4C21-2EF6-F915-D505-A523C4ED7726}.Debug|Any CPU.ActiveCfg = Debug|Any CPU
		{8BBD4C21-2EF6-F915-D505-A523C4ED7726}.Debug|Any CPU.Build.0 = Debug|Any CPU
		{8BBD4C21-2EF6-F915-D505-A523C4ED7726}.Release|Any CPU.ActiveCfg = Release|Any CPU
		{8BBD4C21-2EF6-F915-D505-A523C4ED7726}.Release|Any CPU.Build.0 = Release|Any CPU
		{ABD5447C-6092-7244-44CE-F53FA8A05C39}.Debug|Any CPU.ActiveCfg = Debug|Any CPU
		{ABD5447C-6092-7244-44CE-F53FA8A05C39}.Debug|Any CPU.Build.0 = Debug|Any CPU
		{ABD5447C-6092-7244-44CE-F53FA8A05C39}.Release|Any CPU.ActiveCfg = Release|Any CPU
		{ABD5447C-6092-7244-44CE-F53FA8A05C39}.Release|Any CPU.Build.0 = Release|Any CPU
		{48E3C45D-698E-33CA-F729-973794D80F51}.Debug|Any CPU.ActiveCfg = Debug|Any CPU
		{48E3C45D-698E-33CA-F729-973794D80F51}.Debug|Any CPU.Build.0 = Debug|Any CPU
		{48E3C45D-698E-33CA-F729-973794D80F51}.Release|Any CPU.ActiveCfg = Release|Any CPU
		{48E3C45D-698E-33CA-F729-973794D80F51}.Release|Any CPU.Build.0 = Release|Any CPU
		{3D64EBBA-DDC8-9A98-A775-8AE698CE5697}.Debug|Any CPU.ActiveCfg = Debug|Any CPU
		{3D64EBBA-DDC8-9A98-A775-8AE698CE5697}.Debug|Any CPU.Build.0 = Debug|Any CPU
		{3D64EBBA-DDC8-9A98-A775-8AE698CE5697}.Release|Any CPU.ActiveCfg = Release|Any CPU
		{3D64EBBA-DDC8-9A98-A775-8AE698CE5697}.Release|Any CPU.Build.0 = Release|Any CPU
		{3947B469-CA5E-AA7F-D435-5D3E3E395BD8}.Debug|Any CPU.ActiveCfg = Debug|Any CPU
		{3947B469-CA5E-AA7F-D435-5D3E3E395BD8}.Debug|Any CPU.Build.0 = Debug|Any CPU
		{3947B469-CA5E-AA7F-D435-5D3E3E395BD8}.Release|Any CPU.ActiveCfg = Release|Any CPU
		{3947B469-CA5E-AA7F-D435-5D3E3E395BD8}.Release|Any CPU.Build.0 = Release|Any CPU
		{229AEDFE-F052-3939-3144-2D4C8958328E}.Debug|Any CPU.ActiveCfg = Debug|Any CPU
		{229AEDFE-F052-3939-3144-2D4C8958328E}.Debug|Any CPU.Build.0 = Debug|Any CPU
		{229AEDFE-F052-3939-3144-2D4C8958328E}.Release|Any CPU.ActiveCfg = Release|Any CPU
		{229AEDFE-F052-3939-3144-2D4C8958328E}.Release|Any CPU.Build.0 = Release|Any CPU
		{7EE01E85-0C58-19F0-71C0-530251D7FE16}.Debug|Any CPU.ActiveCfg = Debug|Any CPU
		{7EE01E85-0C58-19F0-71C0-530251D7FE16}.Debug|Any CPU.Build.0 = Debug|Any CPU
		{7EE01E85-0C58-19F0-71C0-530251D7FE16}.Release|Any CPU.ActiveCfg = Release|Any CPU
		{7EE01E85-0C58-19F0-71C0-530251D7FE16}.Release|Any CPU.Build.0 = Release|Any CPU
		{CF031685-3E9F-4001-17F2-9CB7C1C4607D}.Debug|Any CPU.ActiveCfg = Debug|Any CPU
		{CF031685-3E9F-4001-17F2-9CB7C1C4607D}.Debug|Any CPU.Build.0 = Debug|Any CPU
		{CF031685-3E9F-4001-17F2-9CB7C1C4607D}.Release|Any CPU.ActiveCfg = Release|Any CPU
		{CF031685-3E9F-4001-17F2-9CB7C1C4607D}.Release|Any CPU.Build.0 = Release|Any CPU
		{4757DEF2-2B98-F927-5025-80714168F51D}.Debug|Any CPU.ActiveCfg = Debug|Any CPU
		{4757DEF2-2B98-F927-5025-80714168F51D}.Debug|Any CPU.Build.0 = Debug|Any CPU
		{4757DEF2-2B98-F927-5025-80714168F51D}.Release|Any CPU.ActiveCfg = Release|Any CPU
		{4757DEF2-2B98-F927-5025-80714168F51D}.Release|Any CPU.Build.0 = Release|Any CPU
		{0C6789B1-7756-2D90-580E-149FA7637894}.Debug|Any CPU.ActiveCfg = Debug|Any CPU
		{0C6789B1-7756-2D90-580E-149FA7637894}.Debug|Any CPU.Build.0 = Debug|Any CPU
		{0C6789B1-7756-2D90-580E-149FA7637894}.Release|Any CPU.ActiveCfg = Release|Any CPU
		{0C6789B1-7756-2D90-580E-149FA7637894}.Release|Any CPU.Build.0 = Release|Any CPU
		{C754602F-195A-ADB2-900B-FDC5974EDE2D}.Debug|Any CPU.ActiveCfg = Debug|Any CPU
		{C754602F-195A-ADB2-900B-FDC5974EDE2D}.Debug|Any CPU.Build.0 = Debug|Any CPU
		{C754602F-195A-ADB2-900B-FDC5974EDE2D}.Release|Any CPU.ActiveCfg = Release|Any CPU
		{C754602F-195A-ADB2-900B-FDC5974EDE2D}.Release|Any CPU.Build.0 = Release|Any CPU
		{4ED60C2E-EC14-F477-1C95-5B079C65A9B1}.Debug|Any CPU.ActiveCfg = Debug|Any CPU
		{4ED60C2E-EC14-F477-1C95-5B079C65A9B1}.Debug|Any CPU.Build.0 = Debug|Any CPU
		{4ED60C2E-EC14-F477-1C95-5B079C65A9B1}.Release|Any CPU.ActiveCfg = Release|Any CPU
		{4ED60C2E-EC14-F477-1C95-5B079C65A9B1}.Release|Any CPU.Build.0 = Release|Any CPU
	EndGlobalSection
	GlobalSection(SolutionProperties) = preSolution
		HideSolutionNode = FALSE
	EndGlobalSection
EndGlobal
